{
  "name": "fastdis-symbols-proof",
  "version": "0.1.0-alpha.0",
  "lockfileVersion": 3,
  "requires": true,
  "packages": {
    "": {
      "name": "fastdis-symbols-proof",
      "version": "0.1.0-alpha.0",
      "dependencies": {
        "milsymbol": "^3.0.0"
      }
    },
    "node_modules/milsymbol": {
      "version": "3.0.4",
      "resolved": "https://registry.npmjs.org/milsymbol/-/milsymbol-3.0.4.tgz",
      "integrity": "sha512-Jrs1RBCag2IzyEJwI476i2+pNHdi8WMwAp2mDD23g3TR48ERdHmdQgPXZUosRKyhPMr58/eOPyyLE53lMPPAgw==",
      "license": "MIT"
    }
  }
}
